
Microsoft Visual Studio Solution File, Format Version 12.00
# Visual Studio 15
VisualStudioVersion = 15.0.28307.1062
MinimumVisualStudioVersion = 10.0.40219.1
Project("{FAE04EC0-301F-11D3-BF4B-00C04F79EFBC}") = "QRAttendance", "QRAttendance\QRAttendance.csproj", "{A58DE986-B696-4F82-93B9-8DBD01B62B12}"
EndProject
Global
	GlobalSection(SolutionConfigurationPlatforms) = preSolution
		Debug|Any CPU = Debug|Any CPU
		Release|Any CPU = Release|Any CPU
	EndGlobalSection
	GlobalSection(ProjectConfigurationPlatforms) = postSolution
		{A58DE986-B696-4F82-93B9-8DBD01B62B12}.Debug|Any CPU.ActiveCfg = Debug|Any CPU
		{A58DE986-B696-4F82-93B9-8DBD01B62B12}.Debug|Any CPU.Build.0 = Debug|Any CPU
		{A58DE986-B696-4F82-93B9-8DBD01B62B12}.Release|Any CPU.ActiveCfg = Release|Any CPU
		{A58DE986-B696-4F82-93B9-8DBD01B62B12}.Release|Any CPU.Build.0 = Release|Any CPU
	EndGlobalSection
	GlobalSection(SolutionProperties) = preSolution
		HideSolutionNode = FALSE
	EndGlobalSection
	GlobalSection(ExtensibilityGlobals) = postSolution
		SolutionGuid = {2789A085-9FDD-4BB0-A459-66FB115978A5}
	EndGlobalSection
EndGlobal
